
Microsoft Visual Studio Solution File, Format Version 12.00
# Visual Studio Version 17
VisualStudioVersion = 17.10.35013.160
MinimumVisualStudioVersion = 10.0.40219.1
Project("{9A19103F-16F7-4668-BE54-9A1E7A4F7556}") = "GestionDeNotasWpfApp", "GestionDeNotasWpfApp\GestionDeNotasWpfApp.csproj", "{75427946-25EC-48A1-A7CD-C0F26A979139}"
EndProject
Project("{9A19103F-16F7-4668-BE54-9A1E7A4F7556}") = "GestionDeNotas.BusinessLogic", "GestionDeNotas.BusinessLogic\GestionDeNotas.BusinessLogic.csproj", "{56A3E603-8A66-4C2E-8763-86832FE6903B}"
EndProject
Project("{9A19103F-16F7-4668-BE54-9A1E7A4F7556}") = "GestionDeNotas.BusinessLogic.Test", "GestionDeNotas.BusinessLogic.Test\GestionDeNotas.BusinessLogic.Test.csproj", "{005D9D77-A636-42B9-9495-9C4EB820BB80}"
EndProject
Global
	GlobalSection(SolutionConfigurationPlatforms) = preSolution
		Debug|Any CPU = Debug|Any CPU
		Release|Any CPU = Release|Any CPU
	EndGlobalSection
	GlobalSection(ProjectConfigurationPlatforms) = postSolution
		{75427946-25EC-48A1-A7CD-C0F26A979139}.Debug|Any CPU.ActiveCfg = Debug|Any CPU
		{75427946-25EC-48A1-A7CD-C0F26A979139}.Debug|Any CPU.Build.0 = Debug|Any CPU
		{75427946-25EC-48A1-A7CD-C0F26A979139}.Release|Any CPU.ActiveCfg = Release|Any CPU
		{75427946-25EC-48A1-A7CD-C0F26A979139}.Release|Any CPU.Build.0 = Release|Any CPU
		{56A3E603-8A66-4C2E-8763-86832FE6903B}.Debug|Any CPU.ActiveCfg = Debug|Any CPU
		{56A3E603-8A66-4C2E-8763-86832FE6903B}.Debug|Any CPU.Build.0 = Debug|Any CPU
		{56A3E603-8A66-4C2E-8763-86832FE6903B}.Release|Any CPU.ActiveCfg = Release|Any CPU
		{56A3E603-8A66-4C2E-8763-86832FE6903B}.Release|Any CPU.Build.0 = Release|Any CPU
		{005D9D77-A636-42B9-9495-9C4EB820BB80}.Debug|Any CPU.ActiveCfg = Debug|Any CPU
		{005D9D77-A636-42B9-9495-9C4EB820BB80}.Debug|Any CPU.Build.0 = Debug|Any CPU
		{005D9D77-A636-42B9-9495-9C4EB820BB80}.Release|Any CPU.ActiveCfg = Release|Any CPU
		{005D9D77-A636-42B9-9495-9C4EB820BB80}.Release|Any CPU.Build.0 = Release|Any CPU
	EndGlobalSection
	GlobalSection(SolutionProperties) = preSolution
		HideSolutionNode = FALSE
	EndGlobalSection
	GlobalSection(ExtensibilityGlobals) = postSolution
		SolutionGuid = {6C91085A-37BF-4518-845A-7E777285461D}
	EndGlobalSection
EndGlobal
